
Microsoft Visual Studio Solution File, Format Version 12.00
# Visual Studio Version 16
VisualStudioVersion = 16.0.29306.81
MinimumVisualStudioVersion = 10.0.40219.1
Project("{FAE04EC0-301F-11D3-BF4B-00C04F79EFBC}") = "TGL.PrimeraAplicacion", "TGL.PrimeraAplicacion\TGL.PrimeraAplicacion.csproj", "{8713652A-EBCA-4A0F-8A4F-0D274C303969}"
EndProject
Project("{FAE04EC0-301F-11D3-BF4B-00C04F79EFBC}") = "PrimeraAplicacionWeb", "PrimeraAplicacionWeb\PrimeraAplicacionWeb.csproj", "{37489EB1-E79F-4D29-8C13-F472FDCEAC34}"
EndProject
Project("{FAE04EC0-301F-11D3-BF4B-00C04F79EFBC}") = "PrimeraAplicacionWebMVC", "PrimeraAplicacionWebMVC\PrimeraAplicacionWebMVC.csproj", "{E129A5F3-ACEB-4B6E-8FAF-F3DB98B0AA02}"
EndProject
Project("{FAE04EC0-301F-11D3-BF4B-00C04F79EFBC}") = "PrimeraAplicacionAPI", "PrimeraAplicacionAPI\PrimeraAplicacionAPI.csproj", "{9305C5EB-195F-455E-B421-BB7D0430E897}"
EndProject
Project("{FAE04EC0-301F-11D3-BF4B-00C04F79EFBC}") = "PrimeraAplicacionWPF", "PrimeraAplicacionWPF\PrimeraAplicacionWPF.csproj", "{1D694A94-C0F1-4C19-9693-5976566ECCC4}"
EndProject
Global
	GlobalSection(SolutionConfigurationPlatforms) = preSolution
		Debug|Any CPU = Debug|Any CPU
		Release|Any CPU = Release|Any CPU
	EndGlobalSection
	GlobalSection(ProjectConfigurationPlatforms) = postSolution
		{8713652A-EBCA-4A0F-8A4F-0D274C303969}.Debug|Any CPU.ActiveCfg = Debug|Any CPU
		{8713652A-EBCA-4A0F-8A4F-0D274C303969}.Debug|Any CPU.Build.0 = Debug|Any CPU
		{8713652A-EBCA-4A0F-8A4F-0D274C303969}.Release|Any CPU.ActiveCfg = Release|Any CPU
		{8713652A-EBCA-4A0F-8A4F-0D274C303969}.Release|Any CPU.Build.0 = Release|Any CPU
		{37489EB1-E79F-4D29-8C13-F472FDCEAC34}.Debug|Any CPU.ActiveCfg = Debug|Any CPU
		{37489EB1-E79F-4D29-8C13-F472FDCEAC34}.Debug|Any CPU.Build.0 = Debug|Any CPU
		{37489EB1-E79F-4D29-8C13-F472FDCEAC34}.Release|Any CPU.ActiveCfg = Release|Any CPU
		{37489EB1-E79F-4D29-8C13-F472FDCEAC34}.Release|Any CPU.Build.0 = Release|Any CPU
		{E129A5F3-ACEB-4B6E-8FAF-F3DB98B0AA02}.Debug|Any CPU.ActiveCfg = Debug|Any CPU
		{E129A5F3-ACEB-4B6E-8FAF-F3DB98B0AA02}.Debug|Any CPU.Build.0 = Debug|Any CPU
		{E129A5F3-ACEB-4B6E-8FAF-F3DB98B0AA02}.Release|Any CPU.ActiveCfg = Release|Any CPU
		{E129A5F3-ACEB-4B6E-8FAF-F3DB98B0AA02}.Release|Any CPU.Build.0 = Release|Any CPU
		{9305C5EB-195F-455E-B421-BB7D0430E897}.Debug|Any CPU.ActiveCfg = Debug|Any CPU
		{9305C5EB-195F-455E-B421-BB7D0430E897}.Debug|Any CPU.Build.0 = Debug|Any CPU
		{9305C5EB-195F-455E-B421-BB7D0430E897}.Release|Any CPU.ActiveCfg = Release|Any CPU
		{9305C5EB-195F-455E-B421-BB7D0430E897}.Release|Any CPU.Build.0 = Release|Any CPU
		{1D694A94-C0F1-4C19-9693-5976566ECCC4}.Debug|Any CPU.ActiveCfg = Debug|Any CPU
		{1D694A94-C0F1-4C19-9693-5976566ECCC4}.Debug|Any CPU.Build.0 = Debug|Any CPU
		{1D694A94-C0F1-4C19-9693-5976566ECCC4}.Release|Any CPU.ActiveCfg = Release|Any CPU
		{1D694A94-C0F1-4C19-9693-5976566ECCC4}.Release|Any CPU.Build.0 = Release|Any CPU
	EndGlobalSection
	GlobalSection(SolutionProperties) = preSolution
		HideSolutionNode = FALSE
	EndGlobalSection
	GlobalSection(ExtensibilityGlobals) = postSolution
		SolutionGuid = {85451036-5851-451C-8B8B-021BE616256B}
	EndGlobalSection
EndGlobal
